
Microsoft Visual Studio Solution File, Format Version 12.00
# Visual Studio 15
VisualStudioVersion = 15.0.26730.16
MinimumVisualStudioVersion = 10.0.40219.1
Project("{FAE04EC0-301F-11D3-BF4B-00C04F79EFBC}") = "StackDemo", "StackDemo\StackDemo.csproj", "{700BFE1D-D962-4930-A453-97601CBB7DF5}"
EndProject
Global
	GlobalSection(SolutionConfigurationPlatforms) = preSolution
		Debug|Any CPU = Debug|Any CPU
		Release|Any CPU = Release|Any CPU
	EndGlobalSection
	GlobalSection(ProjectConfigurationPlatforms) = postSolution
		{700BFE1D-D962-4930-A453-97601CBB7DF5}.Debug|Any CPU.ActiveCfg = Debug|Any CPU
		{700BFE1D-D962-4930-A453-97601CBB7DF5}.Debug|Any CPU.Build.0 = Debug|Any CPU
		{700BFE1D-D962-4930-A453-97601CBB7DF5}.Release|Any CPU.ActiveCfg = Release|Any CPU
		{700BFE1D-D962-4930-A453-97601CBB7DF5}.Release|Any CPU.Build.0 = Release|Any CPU
	EndGlobalSection
	GlobalSection(SolutionProperties) = preSolution
		HideSolutionNode = FALSE
	EndGlobalSection
	GlobalSection(ExtensibilityGlobals) = postSolution
		SolutionGuid = {6052B4F7-E564-4489-B795-63A9B84CA8BA}
	EndGlobalSection
EndGlobal
